
Microsoft Visual Studio Solution File, Format Version 12.00
# Visual Studio Version 17
VisualStudioVersion = 17.3.32929.385
MinimumVisualStudioVersion = 10.0.40219.1
Project("{FAE04EC0-301F-11D3-BF4B-00C04F79EFBC}") = "valor-futuro", "valor-futuro\valor-futuro.csproj", "{C5EA937C-4C3E-4F11-8389-26F86030DD3C}"
EndProject
Global
	GlobalSection(SolutionConfigurationPlatforms) = preSolution
		Debug|Any CPU = Debug|Any CPU
		Release|Any CPU = Release|Any CPU
	EndGlobalSection
	GlobalSection(ProjectConfigurationPlatforms) = postSolution
		{C5EA937C-4C3E-4F11-8389-26F86030DD3C}.Debug|Any CPU.ActiveCfg = Debug|Any CPU
		{C5EA937C-4C3E-4F11-8389-26F86030DD3C}.Debug|Any CPU.Build.0 = Debug|Any CPU
		{C5EA937C-4C3E-4F11-8389-26F86030DD3C}.Release|Any CPU.ActiveCfg = Release|Any CPU
		{C5EA937C-4C3E-4F11-8389-26F86030DD3C}.Release|Any CPU.Build.0 = Release|Any CPU
	EndGlobalSection
	GlobalSection(SolutionProperties) = preSolution
		HideSolutionNode = FALSE
	EndGlobalSection
	GlobalSection(ExtensibilityGlobals) = postSolution
		SolutionGuid = {70093730-7996-4831-B33A-25CF7D146288}
	EndGlobalSection
EndGlobal
